--- 
dependencies: 
  rails: 
    group: 
    - :default
    version: = 2.0.2
  sqlite3-ruby: 
    group: 
    - :default
    version: = 1.2.5
  mysql: 
    group: 
    - :default
    version: = 2.8.1
  gemcutter: 
    group: 
    - :default
    version: = 0.5.0
  mocha: 
    group: 
    - :default
    version: = 0.9.8
  jeweler: 
    group: 
    - :default
    version: = 1.4.0
  ci_reporter: 
    group: 
    - :default
    version: = 1.6.0
specs: 
- rake: 
    version: 0.8.7
- activeresource: 
    version: 2.0.2
- activerecord: 
    version: 2.0.2
- rails: 
    version: 2.0.2
- mysql: 
    version: 2.8.1
- sqlite3-ruby: 
    version: 1.2.5
- rubyforge: 
    version: 2.0.4
- gemcutter: 
    version: 0.5.0
- mocha: 
    version: 0.9.8
- git: 
    version: 1.2.5
- jeweler: 
    version: 1.4.0
- actionpack: 
    version: 2.0.2
- ci_reporter: 
    version: 1.6.0
- actionmailer: 
    version: 2.0.2
- json_pure: 
    version: 1.2.3
- activesupport: 
    version: 2.0.2
- builder: 
    version: 2.1.2
hash: 3b712ae8780216c722ce370d8f474e1a5287de49
sources: 
- Rubygems: 
    uri: http://gemcutter.org
