--- 
dependencies: 
  rails: 
    group: 
    - :default
    version: = 2.3.4
  sqlite3-ruby: 
    group: 
    - :default
    version: = 1.2.5
  mysql: 
    group: 
    - :default
    version: = 2.8.1
  gemcutter: 
    group: 
    - :default
    version: = 0.5.0
  mocha: 
    group: 
    - :default
    version: = 0.9.8
  jeweler: 
    group: 
    - :default
    version: = 1.4.0
  ci_reporter: 
    group: 
    - :default
    version: = 1.6.0
specs: 
- rake: 
    version: 0.8.7
- activeresource: 
    version: 2.3.4
- rails: 
    version: 2.3.4
- activerecord: 
    version: 2.3.4
- sqlite3-ruby: 
    version: 1.2.5
- mysql: 
    version: 2.8.1
- rubyforge: 
    version: 2.0.4
- gemcutter: 
    version: 0.5.0
- rack: 
    version: 1.0.1
- mocha: 
    version: 0.9.8
- jeweler: 
    version: 1.4.0
- git: 
    version: 1.2.5
- actionmailer: 
    version: 2.3.4
- actionpack: 
    version: 2.3.4
- ci_reporter: 
    version: 1.6.0
- json_pure: 
    version: 1.2.3
- builder: 
    version: 2.1.2
- activesupport: 
    version: 2.3.4
hash: e8d58dc2a388d010b808dc39ead88b7ae8e97df5
sources: 
- Rubygems: 
    uri: http://gemcutter.org
